
Microsoft Visual Studio Solution File, Format Version 12.00
Project("{FAE04EC0-301F-11D3-BF4B-00C04F79EFBC}") = "Maui.PipelinesApp", "Maui.PipelinesApp\Maui.PipelinesApp.csproj", "{9121B288-5C11-4DB0-BC40-E4032F8A67B8}"
EndProject
Global
	GlobalSection(SolutionConfigurationPlatforms) = preSolution
		Debug|Any CPU = Debug|Any CPU
		Release|Any CPU = Release|Any CPU
	EndGlobalSection
	GlobalSection(ProjectConfigurationPlatforms) = postSolution
		{9121B288-5C11-4DB0-BC40-E4032F8A67B8}.Debug|Any CPU.ActiveCfg = Debug|Any CPU
		{9121B288-5C11-4DB0-BC40-E4032F8A67B8}.Debug|Any CPU.Build.0 = Debug|Any CPU
		{9121B288-5C11-4DB0-BC40-E4032F8A67B8}.Release|Any CPU.ActiveCfg = Release|Any CPU
		{9121B288-5C11-4DB0-BC40-E4032F8A67B8}.Release|Any CPU.Build.0 = Release|Any CPU
	EndGlobalSection
EndGlobal
